
Microsoft Visual Studio Solution File, Format Version 12.00
# Visual Studio Version 17
VisualStudioVersion = 17.8.34525.116
MinimumVisualStudioVersion = 10.0.40219.1
Project("{FAE04EC0-301F-11D3-BF4B-00C04F79EFBC}") = "MauiAppCombustivel", "MauiAppCombustivel.csproj", "{5EE95308-19CE-46EE-9A23-D7995814468B}"
EndProject
Global
	GlobalSection(SolutionConfigurationPlatforms) = preSolution
		Debug|Any CPU = Debug|Any CPU
		Release|Any CPU = Release|Any CPU
	EndGlobalSection
	GlobalSection(ProjectConfigurationPlatforms) = postSolution
		{5EE95308-19CE-46EE-9A23-D7995814468B}.Debug|Any CPU.ActiveCfg = Debug|Any CPU
		{5EE95308-19CE-46EE-9A23-D7995814468B}.Debug|Any CPU.Build.0 = Debug|Any CPU
		{5EE95308-19CE-46EE-9A23-D7995814468B}.Debug|Any CPU.Deploy.0 = Debug|Any CPU
		{5EE95308-19CE-46EE-9A23-D7995814468B}.Release|Any CPU.ActiveCfg = Release|Any CPU
		{5EE95308-19CE-46EE-9A23-D7995814468B}.Release|Any CPU.Build.0 = Release|Any CPU
		{5EE95308-19CE-46EE-9A23-D7995814468B}.Release|Any CPU.Deploy.0 = Release|Any CPU
	EndGlobalSection
	GlobalSection(SolutionProperties) = preSolution
		HideSolutionNode = FALSE
	EndGlobalSection
	GlobalSection(ExtensibilityGlobals) = postSolution
		SolutionGuid = {3DD1B713-246A-4BFA-A467-2E5FC75FD562}
	EndGlobalSection
EndGlobal
